{
  "name": "Homework2",
  "version": "1.0.0",
  "lockfileVersion": 1,
  "requires": true,
  "dependencies": {
    "csc-adv-int-basic-gallery": {
      "version": "1.0.1",
      "resolved": "https://registry.npmjs.org/csc-adv-int-basic-gallery/-/csc-adv-int-basic-gallery-1.0.1.tgz",
      "integrity": "sha512-ZFkWfHWIex/jvoOG19h07jTw+iF/1qryjkRVa92wOM/88NXjpOzdMFDK2sXhXPAW9Ysb0gxWHnzk8A7mMHYQBQ=="
    }
  }
}
